// !$*UTF8*$!
{
	archiveVersion = 1;
	classes = {
	};
	objectVersion = 48;
	objects = {

/* Begin PBXBuildFile section */
		F51D221020767E62009D1B26 /* ANIColor.swift in Sources */ = {isa = PBXBuildFile; fileRef = F51D220F20767E62009D1B26 /* ANIColor.swift */; };
		F51D221220767F03009D1B26 /* UIColor.swift in Sources */ = {isa = PBXBuildFile; fileRef = F51D221120767F03009D1B26 /* UIColor.swift */; };
		F51D221520768B24009D1B26 /* UISearchBar.swift in Sources */ = {isa = PBXBuildFile; fileRef = F51D221420768B24009D1B26 /* UISearchBar.swift */; };
		F51D221920768E8D009D1B26 /* ANIRecuruitView.swift in Sources */ = {isa = PBXBuildFile; fileRef = F51D221820768E8D009D1B26 /* ANIRecuruitView.swift */; };
		F566348320752656006CB81B /* ANIRecruitCategoriesView.swift in Sources */ = {isa = PBXBuildFile; fileRef = F566348220752656006CB81B /* ANIRecruitCategoriesView.swift */; };
		F56634862075285D006CB81B /* ANIRecruitCategoryCell.swift in Sources */ = {isa = PBXBuildFile; fileRef = F56634852075285D006CB81B /* ANIRecruitCategoryCell.swift */; };
		F5B1EF9120725964000CFB0B /* AppDelegate.swift in Sources */ = {isa = PBXBuildFile; fileRef = F5B1EF9020725964000CFB0B /* AppDelegate.swift */; };
		F5B1EF9320725964000CFB0B /* ANIRecruitViewController.swift in Sources */ = {isa = PBXBuildFile; fileRef = F5B1EF9220725964000CFB0B /* ANIRecruitViewController.swift */; };
		F5B1EF9820725964000CFB0B /* Assets.xcassets in Resources */ = {isa = PBXBuildFile; fileRef = F5B1EF9720725964000CFB0B /* Assets.xcassets */; };
		F5B1EF9B20725964000CFB0B /* LaunchScreen.storyboard in Resources */ = {isa = PBXBuildFile; fileRef = F5B1EF9920725964000CFB0B /* LaunchScreen.storyboard */; };
		F5B1EFA620725964000CFB0B /* AniTests.swift in Sources */ = {isa = PBXBuildFile; fileRef = F5B1EFA520725964000CFB0B /* AniTests.swift */; };
		F5B1EFB120725964000CFB0B /* AniUITests.swift in Sources */ = {isa = PBXBuildFile; fileRef = F5B1EFB020725964000CFB0B /* AniUITests.swift */; };
		F5B1EFC220725BDC000CFB0B /* ANITabBarController.swift in Sources */ = {isa = PBXBuildFile; fileRef = F5B1EFC120725BDC000CFB0B /* ANITabBarController.swift */; };
		F5B1EFC520726658000CFB0B /* TinyConstraints.framework in Frameworks */ = {isa = PBXBuildFile; fileRef = F5B1EFC420726658000CFB0B /* TinyConstraints.framework */; };
		F5E9E221207692C60021D4CC /* ANIRecruitViewCell.swift in Sources */ = {isa = PBXBuildFile; fileRef = F5E9E220207692C60021D4CC /* ANIRecruitViewCell.swift */; };
		F5E9E2242076961E0021D4CC /* Recruit.swift in Sources */ = {isa = PBXBuildFile; fileRef = F5E9E2232076961D0021D4CC /* Recruit.swift */; };
		F5E9E22620769AD60021D4CC /* User.swift in Sources */ = {isa = PBXBuildFile; fileRef = F5E9E22520769AD60021D4CC /* User.swift */; };
/* End PBXBuildFile section */

/* Begin PBXContainerItemProxy section */
		F5B1EFA220725964000CFB0B /* PBXContainerItemProxy */ = {
			isa = PBXContainerItemProxy;
			containerPortal = F5B1EF8520725963000CFB0B /* Project object */;
			proxyType = 1;
			remoteGlobalIDString = F5B1EF8C20725963000CFB0B;
			remoteInfo = Ani;
		};
		F5B1EFAD20725964000CFB0B /* PBXContainerItemProxy */ = {
			isa = PBXContainerItemProxy;
			containerPortal = F5B1EF8520725963000CFB0B /* Project object */;
			proxyType = 1;
			remoteGlobalIDString = F5B1EF8C20725963000CFB0B;
			remoteInfo = Ani;
		};
/* End PBXContainerItemProxy section */

/* Begin PBXFileReference section */
		F51D220F20767E62009D1B26 /* ANIColor.swift */ = {isa = PBXFileReference; lastKnownFileType = sourcecode.swift; path = ANIColor.swift; sourceTree = "<group>"; };
		F51D221120767F03009D1B26 /* UIColor.swift */ = {isa = PBXFileReference; lastKnownFileType = sourcecode.swift; path = UIColor.swift; sourceTree = "<group>"; };
		F51D221420768B24009D1B26 /* UISearchBar.swift */ = {isa = PBXFileReference; lastKnownFileType = sourcecode.swift; path = UISearchBar.swift; sourceTree = "<group>"; };
		F51D221820768E8D009D1B26 /* ANIRecuruitView.swift */ = {isa = PBXFileReference; lastKnownFileType = sourcecode.swift; path = ANIRecuruitView.swift; sourceTree = "<group>"; };
		F566348220752656006CB81B /* ANIRecruitCategoriesView.swift */ = {isa = PBXFileReference; lastKnownFileType = sourcecode.swift; path = ANIRecruitCategoriesView.swift; sourceTree = "<group>"; };
		F56634852075285D006CB81B /* ANIRecruitCategoryCell.swift */ = {isa = PBXFileReference; lastKnownFileType = sourcecode.swift; path = ANIRecruitCategoryCell.swift; sourceTree = "<group>"; };
		F5B1EF8D20725963000CFB0B /* Ani.app */ = {isa = PBXFileReference; explicitFileType = wrapper.application; includeInIndex = 0; path = Ani.app; sourceTree = BUILT_PRODUCTS_DIR; };
		F5B1EF9020725964000CFB0B /* AppDelegate.swift */ = {isa = PBXFileReference; lastKnownFileType = sourcecode.swift; path = AppDelegate.swift; sourceTree = "<group>"; };
		F5B1EF9220725964000CFB0B /* ANIRecruitViewController.swift */ = {isa = PBXFileReference; lastKnownFileType = sourcecode.swift; path = ANIRecruitViewController.swift; sourceTree = "<group>"; };
		F5B1EF9720725964000CFB0B /* Assets.xcassets */ = {isa = PBXFileReference; lastKnownFileType = folder.assetcatalog; path = Assets.xcassets; sourceTree = "<group>"; };
		F5B1EF9A20725964000CFB0B /* Base */ = {isa = PBXFileReference; lastKnownFileType = file.storyboard; name = Base; path = Base.lproj/LaunchScreen.storyboard; sourceTree = "<group>"; };
		F5B1EF9C20725964000CFB0B /* Info.plist */ = {isa = PBXFileReference; lastKnownFileType = text.plist.xml; path = Info.plist; sourceTree = "<group>"; };
		F5B1EFA120725964000CFB0B /* AniTests.xctest */ = {isa = PBXFileReference; explicitFileType = wrapper.cfbundle; includeInIndex = 0; path = AniTests.xctest; sourceTree = BUILT_PRODUCTS_DIR; };
		F5B1EFA520725964000CFB0B /* AniTests.swift */ = {isa = PBXFileReference; lastKnownFileType = sourcecode.swift; path = AniTests.swift; sourceTree = "<group>"; };
		F5B1EFA720725964000CFB0B /* Info.plist */ = {isa = PBXFileReference; lastKnownFileType = text.plist.xml; path = Info.plist; sourceTree = "<group>"; };
		F5B1EFAC20725964000CFB0B /* AniUITests.xctest */ = {isa = PBXFileReference; explicitFileType = wrapper.cfbundle; includeInIndex = 0; path = AniUITests.xctest; sourceTree = BUILT_PRODUCTS_DIR; };
		F5B1EFB020725964000CFB0B /* AniUITests.swift */ = {isa = PBXFileReference; lastKnownFileType = sourcecode.swift; path = AniUITests.swift; sourceTree = "<group>"; };
		F5B1EFB220725964000CFB0B /* Info.plist */ = {isa = PBXFileReference; lastKnownFileType = text.plist.xml; path = Info.plist; sourceTree = "<group>"; };
		F5B1EFC120725BDC000CFB0B /* ANITabBarController.swift */ = {isa = PBXFileReference; lastKnownFileType = sourcecode.swift; path = ANITabBarController.swift; sourceTree = "<group>"; };
		F5B1EFC420726658000CFB0B /* TinyConstraints.framework */ = {isa = PBXFileReference; lastKnownFileType = wrapper.framework; name = TinyConstraints.framework; path = Carthage/Build/iOS/TinyConstraints.framework; sourceTree = "<group>"; };
		F5E9E220207692C60021D4CC /* ANIRecruitViewCell.swift */ = {isa = PBXFileReference; lastKnownFileType = sourcecode.swift; path = ANIRecruitViewCell.swift; sourceTree = "<group>"; };
		F5E9E2232076961D0021D4CC /* Recruit.swift */ = {isa = PBXFileReference; lastKnownFileType = sourcecode.swift; path = Recruit.swift; sourceTree = "<group>"; };
		F5E9E22520769AD60021D4CC /* User.swift */ = {isa = PBXFileReference; lastKnownFileType = sourcecode.swift; path = User.swift; sourceTree = "<group>"; };
/* End PBXFileReference section */

/* Begin PBXFrameworksBuildPhase section */
		F5B1EF8A20725963000CFB0B /* Frameworks */ = {
			isa = PBXFrameworksBuildPhase;
			buildActionMask = 2147483647;
			files = (
				F5B1EFC520726658000CFB0B /* TinyConstraints.framework in Frameworks */,
			);
			runOnlyForDeploymentPostprocessing = 0;
		};
		F5B1EF9E20725964000CFB0B /* Frameworks */ = {
			isa = PBXFrameworksBuildPhase;
			buildActionMask = 2147483647;
			files = (
			);
			runOnlyForDeploymentPostprocessing = 0;
		};
		F5B1EFA920725964000CFB0B /* Frameworks */ = {
			isa = PBXFrameworksBuildPhase;
			buildActionMask = 2147483647;
			files = (
			);
			runOnlyForDeploymentPostprocessing = 0;
		};
/* End PBXFrameworksBuildPhase section */

/* Begin PBXGroup section */
		F51D220E20767E49009D1B26 /* Utility */ = {
			isa = PBXGroup;
			children = (
				F51D220F20767E62009D1B26 /* ANIColor.swift */,
				F51D221320768B01009D1B26 /* Extensioin */,
			);
			path = Utility;
			sourceTree = "<group>";
		};
		F51D221320768B01009D1B26 /* Extensioin */ = {
			isa = PBXGroup;
			children = (
				F51D221120767F03009D1B26 /* UIColor.swift */,
				F51D221420768B24009D1B26 /* UISearchBar.swift */,
			);
			path = Extensioin;
			sourceTree = "<group>";
		};
		F51D221620768E53009D1B26 /* Category */ = {
			isa = PBXGroup;
			children = (
				F566348220752656006CB81B /* ANIRecruitCategoriesView.swift */,
				F56634852075285D006CB81B /* ANIRecruitCategoryCell.swift */,
			);
			path = Category;
			sourceTree = "<group>";
		};
		F51D221720768E5F009D1B26 /* Recruit */ = {
			isa = PBXGroup;
			children = (
				F51D221820768E8D009D1B26 /* ANIRecuruitView.swift */,
				F5E9E220207692C60021D4CC /* ANIRecruitViewCell.swift */,
			);
			path = Recruit;
			sourceTree = "<group>";
		};
		F56634842075265E006CB81B /* RecruitView */ = {
			isa = PBXGroup;
			children = (
				F51D221720768E5F009D1B26 /* Recruit */,
				F51D221620768E53009D1B26 /* Category */,
			);
			path = RecruitView;
			sourceTree = "<group>";
		};
		F5B1EF8420725963000CFB0B = {
			isa = PBXGroup;
			children = (
				F5B1EF8F20725963000CFB0B /* Ani */,
				F5B1EFA420725964000CFB0B /* AniTests */,
				F5B1EFAF20725964000CFB0B /* AniUITests */,
				F5B1EF8E20725963000CFB0B /* Products */,
				F5B1EFC320726657000CFB0B /* Frameworks */,
			);
			sourceTree = "<group>";
		};
		F5B1EF8E20725963000CFB0B /* Products */ = {
			isa = PBXGroup;
			children = (
				F5B1EF8D20725963000CFB0B /* Ani.app */,
				F5B1EFA120725964000CFB0B /* AniTests.xctest */,
				F5B1EFAC20725964000CFB0B /* AniUITests.xctest */,
			);
			name = Products;
			sourceTree = "<group>";
		};
		F5B1EF8F20725963000CFB0B /* Ani */ = {
			isa = PBXGroup;
			children = (
				F5B1EFBE20725B6C000CFB0B /* Supporting */,
				F5E9E222207696060021D4CC /* Model */,
				F5B1EFBF20725B79000CFB0B /* RecruitViewController */,
				F56634842075265E006CB81B /* RecruitView */,
				F5B1EFC020725B86000CFB0B /* TabbarController */,
				F51D220E20767E49009D1B26 /* Utility */,
				F5B1EF9C20725964000CFB0B /* Info.plist */,
			);
			path = Ani;
			sourceTree = "<group>";
		};
		F5B1EFA420725964000CFB0B /* AniTests */ = {
			isa = PBXGroup;
			children = (
				F5B1EFA520725964000CFB0B /* AniTests.swift */,
				F5B1EFA720725964000CFB0B /* Info.plist */,
			);
			path = AniTests;
			sourceTree = "<group>";
		};
		F5B1EFAF20725964000CFB0B /* AniUITests */ = {
			isa = PBXGroup;
			children = (
				F5B1EFB020725964000CFB0B /* AniUITests.swift */,
				F5B1EFB220725964000CFB0B /* Info.plist */,
			);
			path = AniUITests;
			sourceTree = "<group>";
		};
		F5B1EFBE20725B6C000CFB0B /* Supporting */ = {
			isa = PBXGroup;
			children = (
				F5B1EF9020725964000CFB0B /* AppDelegate.swift */,
				F5B1EF9720725964000CFB0B /* Assets.xcassets */,
				F5B1EF9920725964000CFB0B /* LaunchScreen.storyboard */,
			);
			path = Supporting;
			sourceTree = "<group>";
		};
		F5B1EFBF20725B79000CFB0B /* RecruitViewController */ = {
			isa = PBXGroup;
			children = (
				F5B1EF9220725964000CFB0B /* ANIRecruitViewController.swift */,
			);
			path = RecruitViewController;
			sourceTree = "<group>";
		};
		F5B1EFC020725B86000CFB0B /* TabbarController */ = {
			isa = PBXGroup;
			children = (
				F5B1EFC120725BDC000CFB0B /* ANITabBarController.swift */,
			);
			path = TabbarController;
			sourceTree = "<group>";
		};
		F5B1EFC320726657000CFB0B /* Frameworks */ = {
			isa = PBXGroup;
			children = (
				F5B1EFC420726658000CFB0B /* TinyConstraints.framework */,
			);
			name = Frameworks;
			sourceTree = "<group>";
		};
		F5E9E222207696060021D4CC /* Model */ = {
			isa = PBXGroup;
			children = (
				F5E9E2232076961D0021D4CC /* Recruit.swift */,
				F5E9E22520769AD60021D4CC /* User.swift */,
			);
			path = Model;
			sourceTree = "<group>";
		};
/* End PBXGroup section */

/* Begin PBXNativeTarget section */
		F5B1EF8C20725963000CFB0B /* Ani */ = {
			isa = PBXNativeTarget;
			buildConfigurationList = F5B1EFB520725964000CFB0B /* Build configuration list for PBXNativeTarget "Ani" */;
			buildPhases = (
				F5B1EF8920725963000CFB0B /* Sources */,
				F5B1EF8A20725963000CFB0B /* Frameworks */,
				F5B1EF8B20725963000CFB0B /* Resources */,
				F5B1EFC62072666A000CFB0B /* ShellScript */,
			);
			buildRules = (
			);
			dependencies = (
			);
			name = Ani;
			productName = Ani;
			productReference = F5B1EF8D20725963000CFB0B /* Ani.app */;
			productType = "com.apple.product-type.application";
		};
		F5B1EFA020725964000CFB0B /* AniTests */ = {
			isa = PBXNativeTarget;
			buildConfigurationList = F5B1EFB820725964000CFB0B /* Build configuration list for PBXNativeTarget "AniTests" */;
			buildPhases = (
				F5B1EF9D20725964000CFB0B /* Sources */,
				F5B1EF9E20725964000CFB0B /* Frameworks */,
				F5B1EF9F20725964000CFB0B /* Resources */,
			);
			buildRules = (
			);
			dependencies = (
				F5B1EFA320725964000CFB0B /* PBXTargetDependency */,
			);
			name = AniTests;
			productName = AniTests;
			productReference = F5B1EFA120725964000CFB0B /* AniTests.xctest */;
			productType = "com.apple.product-type.bundle.unit-test";
		};
		F5B1EFAB20725964000CFB0B /* AniUITests */ = {
			isa = PBXNativeTarget;
			buildConfigurationList = F5B1EFBB20725964000CFB0B /* Build configuration list for PBXNativeTarget "AniUITests" */;
			buildPhases = (
				F5B1EFA820725964000CFB0B /* Sources */,
				F5B1EFA920725964000CFB0B /* Frameworks */,
				F5B1EFAA20725964000CFB0B /* Resources */,
			);
			buildRules = (
			);
			dependencies = (
				F5B1EFAE20725964000CFB0B /* PBXTargetDependency */,
			);
			name = AniUITests;
			productName = AniUITests;
			productReference = F5B1EFAC20725964000CFB0B /* AniUITests.xctest */;
			productType = "com.apple.product-type.bundle.ui-testing";
		};
/* End PBXNativeTarget section */

/* Begin PBXProject section */
		F5B1EF8520725963000CFB0B /* Project object */ = {
			isa = PBXProject;
			attributes = {
				LastSwiftUpdateCheck = 0920;
				LastUpgradeCheck = 0920;
				ORGANIZATIONNAME = JeonMinseop;
				TargetAttributes = {
					F5B1EF8C20725963000CFB0B = {
						CreatedOnToolsVersion = 9.2;
						ProvisioningStyle = Automatic;
					};
					F5B1EFA020725964000CFB0B = {
						CreatedOnToolsVersion = 9.2;
						ProvisioningStyle = Automatic;
						TestTargetID = F5B1EF8C20725963000CFB0B;
					};
					F5B1EFAB20725964000CFB0B = {
						CreatedOnToolsVersion = 9.2;
						ProvisioningStyle = Automatic;
						TestTargetID = F5B1EF8C20725963000CFB0B;
					};
				};
			};
			buildConfigurationList = F5B1EF8820725963000CFB0B /* Build configuration list for PBXProject "Ani" */;
			compatibilityVersion = "Xcode 8.0";
			developmentRegion = en;
			hasScannedForEncodings = 0;
			knownRegions = (
				en,
				Base,
			);
			mainGroup = F5B1EF8420725963000CFB0B;
			productRefGroup = F5B1EF8E20725963000CFB0B /* Products */;
			projectDirPath = "";
			projectRoot = "";
			targets = (
				F5B1EF8C20725963000CFB0B /* Ani */,
				F5B1EFA020725964000CFB0B /* AniTests */,
				F5B1EFAB20725964000CFB0B /* AniUITests */,
			);
		};
/* End PBXProject section */

/* Begin PBXResourcesBuildPhase section */
		F5B1EF8B20725963000CFB0B /* Resources */ = {
			isa = PBXResourcesBuildPhase;
			buildActionMask = 2147483647;
			files = (
				F5B1EF9B20725964000CFB0B /* LaunchScreen.storyboard in Resources */,
				F5B1EF9820725964000CFB0B /* Assets.xcassets in Resources */,
			);
			runOnlyForDeploymentPostprocessing = 0;
		};
		F5B1EF9F20725964000CFB0B /* Resources */ = {
			isa = PBXResourcesBuildPhase;
			buildActionMask = 2147483647;
			files = (
			);
			runOnlyForDeploymentPostprocessing = 0;
		};
		F5B1EFAA20725964000CFB0B /* Resources */ = {
			isa = PBXResourcesBuildPhase;
			buildActionMask = 2147483647;
			files = (
			);
			runOnlyForDeploymentPostprocessing = 0;
		};
/* End PBXResourcesBuildPhase section */

/* Begin PBXShellScriptBuildPhase section */
		F5B1EFC62072666A000CFB0B /* ShellScript */ = {
			isa = PBXShellScriptBuildPhase;
			buildActionMask = 2147483647;
			files = (
			);
			inputPaths = (
				"$(SRCROOT)/Carthage/Build/iOS/TinyConstraints.framework",
			);
			outputPaths = (
			);
			runOnlyForDeploymentPostprocessing = 0;
			shellPath = /bin/sh;
			shellScript = "/usr/local/bin/carthage copy-frameworks";
		};
/* End PBXShellScriptBuildPhase section */

/* Begin PBXSourcesBuildPhase section */
		F5B1EF8920725963000CFB0B /* Sources */ = {
			isa = PBXSourcesBuildPhase;
			buildActionMask = 2147483647;
			files = (
				F56634862075285D006CB81B /* ANIRecruitCategoryCell.swift in Sources */,
				F51D221220767F03009D1B26 /* UIColor.swift in Sources */,
				F5B1EFC220725BDC000CFB0B /* ANITabBarController.swift in Sources */,
				F5E9E2242076961E0021D4CC /* Recruit.swift in Sources */,
				F51D221920768E8D009D1B26 /* ANIRecuruitView.swift in Sources */,
				F566348320752656006CB81B /* ANIRecruitCategoriesView.swift in Sources */,
				F5B1EF9320725964000CFB0B /* ANIRecruitViewController.swift in Sources */,
				F51D221520768B24009D1B26 /* UISearchBar.swift in Sources */,
				F5E9E22620769AD60021D4CC /* User.swift in Sources */,
				F51D221020767E62009D1B26 /* ANIColor.swift in Sources */,
				F5E9E221207692C60021D4CC /* ANIRecruitViewCell.swift in Sources */,
				F5B1EF9120725964000CFB0B /* AppDelegate.swift in Sources */,
			);
			runOnlyForDeploymentPostprocessing = 0;
		};
		F5B1EF9D20725964000CFB0B /* Sources */ = {
			isa = PBXSourcesBuildPhase;
			buildActionMask = 2147483647;
			files = (
				F5B1EFA620725964000CFB0B /* AniTests.swift in Sources */,
			);
			runOnlyForDeploymentPostprocessing = 0;
		};
		F5B1EFA820725964000CFB0B /* Sources */ = {
			isa = PBXSourcesBuildPhase;
			buildActionMask = 2147483647;
			files = (
				F5B1EFB120725964000CFB0B /* AniUITests.swift in Sources */,
			);
			runOnlyForDeploymentPostprocessing = 0;
		};
/* End PBXSourcesBuildPhase section */

/* Begin PBXTargetDependency section */
		F5B1EFA320725964000CFB0B /* PBXTargetDependency */ = {
			isa = PBXTargetDependency;
			target = F5B1EF8C20725963000CFB0B /* Ani */;
			targetProxy = F5B1EFA220725964000CFB0B /* PBXContainerItemProxy */;
		};
		F5B1EFAE20725964000CFB0B /* PBXTargetDependency */ = {
			isa = PBXTargetDependency;
			target = F5B1EF8C20725963000CFB0B /* Ani */;
			targetProxy = F5B1EFAD20725964000CFB0B /* PBXContainerItemProxy */;
		};
/* End PBXTargetDependency section */

/* Begin PBXVariantGroup section */
		F5B1EF9920725964000CFB0B /* LaunchScreen.storyboard */ = {
			isa = PBXVariantGroup;
			children = (
				F5B1EF9A20725964000CFB0B /* Base */,
			);
			name = LaunchScreen.storyboard;
			sourceTree = "<group>";
		};
/* End PBXVariantGroup section */

/* Begin XCBuildConfiguration section */
		F5B1EFB320725964000CFB0B /* Debug */ = {
			isa = XCBuildConfiguration;
			buildSettings = {
				ALWAYS_SEARCH_USER_PATHS = NO;
				CLANG_ANALYZER_NONNULL = YES;
				CLANG_ANALYZER_NUMBER_OBJECT_CONVERSION = YES_AGGRESSIVE;
				CLANG_CXX_LANGUAGE_STANDARD = "gnu++14";
				CLANG_CXX_LIBRARY = "libc++";
				CLANG_ENABLE_MODULES = YES;
				CLANG_ENABLE_OBJC_ARC = YES;
				CLANG_WARN_BLOCK_CAPTURE_AUTORELEASING = YES;
				CLANG_WARN_BOOL_CONVERSION = YES;
				CLANG_WARN_COMMA = YES;
				CLANG_WARN_CONSTANT_CONVERSION = YES;
				CLANG_WARN_DIRECT_OBJC_ISA_USAGE = YES_ERROR;
				CLANG_WARN_DOCUMENTATION_COMMENTS = YES;
				CLANG_WARN_EMPTY_BODY = YES;
				CLANG_WARN_ENUM_CONVERSION = YES;
				CLANG_WARN_INFINITE_RECURSION = YES;
				CLANG_WARN_INT_CONVERSION = YES;
				CLANG_WARN_NON_LITERAL_NULL_CONVERSION = YES;
				CLANG_WARN_OBJC_LITERAL_CONVERSION = YES;
				CLANG_WARN_OBJC_ROOT_CLASS = YES_ERROR;
				CLANG_WARN_RANGE_LOOP_ANALYSIS = YES;
				CLANG_WARN_STRICT_PROTOTYPES = YES;
				CLANG_WARN_SUSPICIOUS_MOVE = YES;
				CLANG_WARN_UNGUARDED_AVAILABILITY = YES_AGGRESSIVE;
				CLANG_WARN_UNREACHABLE_CODE = YES;
				CLANG_WARN__DUPLICATE_METHOD_MATCH = YES;
				CODE_SIGN_IDENTITY = "iPhone Developer";
				COPY_PHASE_STRIP = NO;
				DEBUG_INFORMATION_FORMAT = dwarf;
				ENABLE_STRICT_OBJC_MSGSEND = YES;
				ENABLE_TESTABILITY = YES;
				GCC_C_LANGUAGE_STANDARD = gnu11;
				GCC_DYNAMIC_NO_PIC = NO;
				GCC_NO_COMMON_BLOCKS = YES;
				GCC_OPTIMIZATION_LEVEL = 0;
				GCC_PREPROCESSOR_DEFINITIONS = (
					"DEBUG=1",
					"$(inherited)",
				);
				GCC_WARN_64_TO_32_BIT_CONVERSION = YES;
				GCC_WARN_ABOUT_RETURN_TYPE = YES_ERROR;
				GCC_WARN_UNDECLARED_SELECTOR = YES;
				GCC_WARN_UNINITIALIZED_AUTOS = YES_AGGRESSIVE;
				GCC_WARN_UNUSED_FUNCTION = YES;
				GCC_WARN_UNUSED_VARIABLE = YES;
				IPHONEOS_DEPLOYMENT_TARGET = 11.2;
				MTL_ENABLE_DEBUG_INFO = YES;
				ONLY_ACTIVE_ARCH = YES;
				SDKROOT = iphoneos;
				SWIFT_ACTIVE_COMPILATION_CONDITIONS = DEBUG;
				SWIFT_OPTIMIZATION_LEVEL = "-Onone";
			};
			name = Debug;
		};
		F5B1EFB420725964000CFB0B /* Release */ = {
			isa = XCBuildConfiguration;
			buildSettings = {
				ALWAYS_SEARCH_USER_PATHS = NO;
				CLANG_ANALYZER_NONNULL = YES;
				CLANG_ANALYZER_NUMBER_OBJECT_CONVERSION = YES_AGGRESSIVE;
				CLANG_CXX_LANGUAGE_STANDARD = "gnu++14";
				CLANG_CXX_LIBRARY = "libc++";
				CLANG_ENABLE_MODULES = YES;
				CLANG_ENABLE_OBJC_ARC = YES;
				CLANG_WARN_BLOCK_CAPTURE_AUTORELEASING = YES;
				CLANG_WARN_BOOL_CONVERSION = YES;
				CLANG_WARN_COMMA = YES;
				CLANG_WARN_CONSTANT_CONVERSION = YES;
				CLANG_WARN_DIRECT_OBJC_ISA_USAGE = YES_ERROR;
				CLANG_WARN_DOCUMENTATION_COMMENTS = YES;
				CLANG_WARN_EMPTY_BODY = YES;
				CLANG_WARN_ENUM_CONVERSION = YES;
				CLANG_WARN_INFINITE_RECURSION = YES;
				CLANG_WARN_INT_CONVERSION = YES;
				CLANG_WARN_NON_LITERAL_NULL_CONVERSION = YES;
				CLANG_WARN_OBJC_LITERAL_CONVERSION = YES;
				CLANG_WARN_OBJC_ROOT_CLASS = YES_ERROR;
				CLANG_WARN_RANGE_LOOP_ANALYSIS = YES;
				CLANG_WARN_STRICT_PROTOTYPES = YES;
				CLANG_WARN_SUSPICIOUS_MOVE = YES;
				CLANG_WARN_UNGUARDED_AVAILABILITY = YES_AGGRESSIVE;
				CLANG_WARN_UNREACHABLE_CODE = YES;
				CLANG_WARN__DUPLICATE_METHOD_MATCH = YES;
				CODE_SIGN_IDENTITY = "iPhone Developer";
				COPY_PHASE_STRIP = NO;
				DEBUG_INFORMATION_FORMAT = "dwarf-with-dsym";
				ENABLE_NS_ASSERTIONS = NO;
				ENABLE_STRICT_OBJC_MSGSEND = YES;
				GCC_C_LANGUAGE_STANDARD = gnu11;
				GCC_NO_COMMON_BLOCKS = YES;
				GCC_WARN_64_TO_32_BIT_CONVERSION = YES;
				GCC_WARN_ABOUT_RETURN_TYPE = YES_ERROR;
				GCC_WARN_UNDECLARED_SELECTOR = YES;
				GCC_WARN_UNINITIALIZED_AUTOS = YES_AGGRESSIVE;
				GCC_WARN_UNUSED_FUNCTION = YES;
				GCC_WARN_UNUSED_VARIABLE = YES;
				IPHONEOS_DEPLOYMENT_TARGET = 11.2;
				MTL_ENABLE_DEBUG_INFO = NO;
				SDKROOT = iphoneos;
				SWIFT_OPTIMIZATION_LEVEL = "-Owholemodule";
				VALIDATE_PRODUCT = YES;
			};
			name = Release;
		};
		F5B1EFB620725964000CFB0B /* Debug */ = {
			isa = XCBuildConfiguration;
			buildSettings = {
				ASSETCATALOG_COMPILER_APPICON_NAME = AppIcon;
				CODE_SIGN_STYLE = Automatic;
				DEVELOPMENT_TEAM = BY8G5B9E3U;
				FRAMEWORK_SEARCH_PATHS = (
					"$(inherited)",
					"$(PROJECT_DIR)/Carthage/Build/iOS",
				);
				INFOPLIST_FILE = Ani/Info.plist;
				LD_RUNPATH_SEARCH_PATHS = "$(inherited) @executable_path/Frameworks";
				PRODUCT_BUNDLE_IDENTIFIER = "com.gmail-jeonminsopdev.Ani";
				PRODUCT_NAME = "$(TARGET_NAME)";
				SWIFT_VERSION = 4.0;
				TARGETED_DEVICE_FAMILY = "1,2";
			};
			name = Debug;
		};
		F5B1EFB720725964000CFB0B /* Release */ = {
			isa = XCBuildConfiguration;
			buildSettings = {
				ASSETCATALOG_COMPILER_APPICON_NAME = AppIcon;
				CODE_SIGN_STYLE = Automatic;
				DEVELOPMENT_TEAM = BY8G5B9E3U;
				FRAMEWORK_SEARCH_PATHS = (
					"$(inherited)",
					"$(PROJECT_DIR)/Carthage/Build/iOS",
				);
				INFOPLIST_FILE = Ani/Info.plist;
				LD_RUNPATH_SEARCH_PATHS = "$(inherited) @executable_path/Frameworks";
				PRODUCT_BUNDLE_IDENTIFIER = "com.gmail-jeonminsopdev.Ani";
				PRODUCT_NAME = "$(TARGET_NAME)";
				SWIFT_VERSION = 4.0;
				TARGETED_DEVICE_FAMILY = "1,2";
			};
			name = Release;
		};
		F5B1EFB920725964000CFB0B /* Debug */ = {
			isa = XCBuildConfiguration;
			buildSettings = {
				ALWAYS_EMBED_SWIFT_STANDARD_LIBRARIES = YES;
				BUNDLE_LOADER = "$(TEST_HOST)";
				CODE_SIGN_STYLE = Automatic;
				DEVELOPMENT_TEAM = BY8G5B9E3U;
				INFOPLIST_FILE = AniTests/Info.plist;
				LD_RUNPATH_SEARCH_PATHS = "$(inherited) @executable_path/Frameworks @loader_path/Frameworks";
				PRODUCT_BUNDLE_IDENTIFIER = "com.gmail-jeonminsopdev.AniTests";
				PRODUCT_NAME = "$(TARGET_NAME)";
				SWIFT_VERSION = 4.0;
				TARGETED_DEVICE_FAMILY = "1,2";
				TEST_HOST = "$(BUILT_PRODUCTS_DIR)/Ani.app/Ani";
			};
			name = Debug;
		};
		F5B1EFBA20725964000CFB0B /* Release */ = {
			isa = XCBuildConfiguration;
			buildSettings = {
				ALWAYS_EMBED_SWIFT_STANDARD_LIBRARIES = YES;
				BUNDLE_LOADER = "$(TEST_HOST)";
				CODE_SIGN_STYLE = Automatic;
				DEVELOPMENT_TEAM = BY8G5B9E3U;
				INFOPLIST_FILE = AniTests/Info.plist;
				LD_RUNPATH_SEARCH_PATHS = "$(inherited) @executable_path/Frameworks @loader_path/Frameworks";
				PRODUCT_BUNDLE_IDENTIFIER = "com.gmail-jeonminsopdev.AniTests";
				PRODUCT_NAME = "$(TARGET_NAME)";
				SWIFT_VERSION = 4.0;
				TARGETED_DEVICE_FAMILY = "1,2";
				TEST_HOST = "$(BUILT_PRODUCTS_DIR)/Ani.app/Ani";
			};
			name = Release;
		};
		F5B1EFBC20725964000CFB0B /* Debug */ = {
			isa = XCBuildConfiguration;
			buildSettings = {
				ALWAYS_EMBED_SWIFT_STANDARD_LIBRARIES = YES;
				CODE_SIGN_STYLE = Automatic;
				DEVELOPMENT_TEAM = BY8G5B9E3U;
				INFOPLIST_FILE = AniUITests/Info.plist;
				LD_RUNPATH_SEARCH_PATHS = "$(inherited) @executable_path/Frameworks @loader_path/Frameworks";
				PRODUCT_BUNDLE_IDENTIFIER = "com.gmail-jeonminsopdev.AniUITests";
				PRODUCT_NAME = "$(TARGET_NAME)";
				SWIFT_VERSION = 4.0;
				TARGETED_DEVICE_FAMILY = "1,2";
				TEST_TARGET_NAME = Ani;
			};
			name = Debug;
		};
		F5B1EFBD20725964000CFB0B /* Release */ = {
			isa = XCBuildConfiguration;
			buildSettings = {
				ALWAYS_EMBED_SWIFT_STANDARD_LIBRARIES = YES;
				CODE_SIGN_STYLE = Automatic;
				DEVELOPMENT_TEAM = BY8G5B9E3U;
				INFOPLIST_FILE = AniUITests/Info.plist;
				LD_RUNPATH_SEARCH_PATHS = "$(inherited) @executable_path/Frameworks @loader_path/Frameworks";
				PRODUCT_BUNDLE_IDENTIFIER = "com.gmail-jeonminsopdev.AniUITests";
				PRODUCT_NAME = "$(TARGET_NAME)";
				SWIFT_VERSION = 4.0;
				TARGETED_DEVICE_FAMILY = "1,2";
				TEST_TARGET_NAME = Ani;
			};
			name = Release;
		};
/* End XCBuildConfiguration section */

/* Begin XCConfigurationList section */
		F5B1EF8820725963000CFB0B /* Build configuration list for PBXProject "Ani" */ = {
			isa = XCConfigurationList;
			buildConfigurations = (
				F5B1EFB320725964000CFB0B /* Debug */,
				F5B1EFB420725964000CFB0B /* Release */,
			);
			defaultConfigurationIsVisible = 0;
			defaultConfigurationName = Release;
		};
		F5B1EFB520725964000CFB0B /* Build configuration list for PBXNativeTarget "Ani" */ = {
			isa = XCConfigurationList;
			buildConfigurations = (
				F5B1EFB620725964000CFB0B /* Debug */,
				F5B1EFB720725964000CFB0B /* Release */,
			);
			defaultConfigurationIsVisible = 0;
			defaultConfigurationName = Release;
		};
		F5B1EFB820725964000CFB0B /* Build configuration list for PBXNativeTarget "AniTests" */ = {
			isa = XCConfigurationList;
			buildConfigurations = (
				F5B1EFB920725964000CFB0B /* Debug */,
				F5B1EFBA20725964000CFB0B /* Release */,
			);
			defaultConfigurationIsVisible = 0;
			defaultConfigurationName = Release;
		};
		F5B1EFBB20725964000CFB0B /* Build configuration list for PBXNativeTarget "AniUITests" */ = {
			isa = XCConfigurationList;
			buildConfigurations = (
				F5B1EFBC20725964000CFB0B /* Debug */,
				F5B1EFBD20725964000CFB0B /* Release */,
			);
			defaultConfigurationIsVisible = 0;
			defaultConfigurationName = Release;
		};
/* End XCConfigurationList section */
	};
	rootObject = F5B1EF8520725963000CFB0B /* Project object */;
}
